# THIS IS AN AUTOGENERATED FILE. DO NOT EDIT THIS FILE DIRECTLY.
# yarn lockfile v1


"@codemirror/autocomplete@^6.0.0":
  version "6.9.0"
  resolved "https://registry.yarnpkg.com/@codemirror/autocomplete/-/autocomplete-6.9.0.tgz#1a1e63122288b8f8e1e9d7aff2eb39a83e04d8a9"
  integrity sha512-Fbwm0V/Wn3BkEJZRhr0hi5BhCo5a7eBL6LYaliPjOSwCyfOpnjXY59HruSxOUNV+1OYer0Tgx1zRNQttjXyDog==
  dependencies:
    "@codemirror/language" "^6.0.0"
    "@codemirror/state" "^6.0.0"
    "@codemirror/view" "^6.6.0"
    "@lezer/common" "^1.0.0"

"@codemirror/commands@^6.0.0":
  version "6.2.4"
  resolved "https://registry.yarnpkg.com/@codemirror/commands/-/commands-6.2.4.tgz#b8a0e5ce72448c092ba4c4b1d902e6f183948aec"
  integrity sha512-42lmDqVH0ttfilLShReLXsDfASKLXzfyC36bzwcqzox9PlHulMcsUOfHXNo2X2aFMVNUoQ7j+d4q5bnfseYoOA==
  dependencies:
    "@codemirror/language" "^6.0.0"
    "@codemirror/state" "^6.2.0"
    "@codemirror/view" "^6.0.0"
    "@lezer/common" "^1.0.0"

"@codemirror/language@^6.0.0":
  version "6.9.0"
  resolved "https://registry.yarnpkg.com/@codemirror/language/-/language-6.9.0.tgz#c471ce1fdb9b1577f312bb68ef54fb4b76f7a420"
  integrity sha512-nFu311/0ne/qGuGCL3oKuktBgzVOaxCHZPZv1tLSZkNjPYxxvkjSbzno3MlErG2tgw1Yw1yF8BxMCegeMXqpiw==
  dependencies:
    "@codemirror/state" "^6.0.0"
    "@codemirror/view" "^6.0.0"
    "@lezer/common" "^1.0.0"
    "@lezer/highlight" "^1.0.0"
    "@lezer/lr" "^1.0.0"
    style-mod "^4.0.0"

"@codemirror/lint@^6.0.0":
  version "6.4.0"
  resolved "https://registry.yarnpkg.com/@codemirror/lint/-/lint-6.4.0.tgz#3507e937aa9415ef0831ff04734ef0e736e75014"
  integrity sha512-6VZ44Ysh/Zn07xrGkdtNfmHCbGSHZzFBdzWi0pbd7chAQ/iUcpLGX99NYRZTa7Ugqg4kEHCqiHhcZnH0gLIgSg==
  dependencies:
    "@codemirror/state" "^6.0.0"
    "@codemirror/view" "^6.0.0"
    crelt "^1.0.5"

"@codemirror/search@^6.0.0":
  version "6.5.1"
  resolved "https://registry.yarnpkg.com/@codemirror/search/-/search-6.5.1.tgz#bdd19ba54d314e55df87b7105ec440eaab4521f6"
  integrity sha512-4jupk4JwkeVbrN2pStY74q6OJEYqwosB4koA66nyLeVedadtX9MHI38j2vbYmnfDGurDApP3OZO46MrWalcjiQ==
  dependencies:
    "@codemirror/state" "^6.0.0"
    "@codemirror/view" "^6.0.0"
    crelt "^1.0.5"

"@codemirror/state@^6.0.0", "@codemirror/state@^6.1.4", "@codemirror/state@^6.2.0":
  version "6.2.1"
  resolved "https://registry.yarnpkg.com/@codemirror/state/-/state-6.2.1.tgz#6dc8d8e5abb26b875e3164191872d69a5e85bd73"
  integrity sha512-RupHSZ8+OjNT38zU9fKH2sv+Dnlr8Eb8sl4NOnnqz95mCFTZUaiRP8Xv5MeeaG0px2b8Bnfe7YGwCV3nsBhbuw==

"@codemirror/view@^6.0.0", "@codemirror/view@^6.6.0":
  version "6.16.0"
  resolved "https://registry.yarnpkg.com/@codemirror/view/-/view-6.16.0.tgz#047001b8dd04e104776c476e45ee9c4eed9f99fa"
  integrity sha512-1Z2HkvkC3KR/oEZVuW9Ivmp8TWLzGEd8T8TA04TTwPvqogfkHBdYSlflytDOqmkUxM2d1ywTg7X2dU5mC+SXvg==
  dependencies:
    "@codemirror/state" "^6.1.4"
    style-mod "^4.0.0"
    w3c-keyname "^2.2.4"

"@creativebulma/bulma-divider@^1.1":
  version "1.1.0"
  resolved "https://registry.yarnpkg.com/@creativebulma/bulma-divider/-/bulma-divider-1.1.0.tgz#fb0c3527efc5b8d7b1ac52cd065e9f8c57b5a8bc"
  integrity sha512-Lx5MlUhgAnTF+wNZ5LXcaE1K0F2m0Pkwte1p08FBsIyRV6Oq7BuKPk/O9XJPcF+vR6BjCxNy/hjYFXtNmoXbNg==

"@creativebulma/bulma-tagsinput@^1.0":
  version "1.0.3"
  resolved "https://registry.yarnpkg.com/@creativebulma/bulma-tagsinput/-/bulma-tagsinput-1.0.3.tgz#bbf38aad9a4ed0f04f2baa7832b21679cdc54462"
  integrity sha512-uQg0KEBcvEmSfwozv2EkFtqai1+pwOgunt3YLlADjRuyKXQePcR3nPW4EDnLMsCt9XlDr4RLu5pcp3XwHIhaOQ==

"@lezer/common@^1.0.0":
  version "1.0.4"
  resolved "https://registry.yarnpkg.com/@lezer/common/-/common-1.0.4.tgz#42b371138af846c1fe8ff5facd4360a670e30b4c"
  integrity sha512-lZHlk8p67x4aIDtJl6UQrXSOP6oi7dQR3W/geFVrENdA1JDaAJWldnVqVjPMJupbTKbzDfFcePfKttqVidS/dg==

"@lezer/highlight@^1.0.0":
  version "1.1.6"
  resolved "https://registry.yarnpkg.com/@lezer/highlight/-/highlight-1.1.6.tgz#87e56468c0f43c2a8b3dc7f0b7c2804b34901556"
  integrity sha512-cmSJYa2us+r3SePpRCjN5ymCqCPv+zyXmDl0ciWtVaNiORT/MxM7ZgOMQZADD0o51qOaOg24qc/zBViOIwAjJg==
  dependencies:
    "@lezer/common" "^1.0.0"

"@lezer/lr@^1.0.0":
  version "1.3.10"
  resolved "https://registry.yarnpkg.com/@lezer/lr/-/lr-1.3.10.tgz#22833d2876ee61e302027620ee3ecf2c271e7a0f"
  integrity sha512-BZfVvf7Re5BIwJHlZXbJn9L8lus5EonxQghyn+ih8Wl36XMFBPTXC0KM0IdUtj9w/diPHsKlXVgL+AlX2jYJ0Q==
  dependencies:
    "@lezer/common" "^1.0.0"

"@mdi/font@^7.2":
  version "7.2.96"
  resolved "https://registry.yarnpkg.com/@mdi/font/-/font-7.2.96.tgz#af800d9fe3b424f85ad45e9baa755bd003ab4986"
  integrity sha512-e//lmkmpFUMZKhmCY9zdjRe4zNXfbOIJnn6xveHbaV2kSw5aJ5dLXUxcRt1Gxfi7ZYpFLUWlkG2MGSFAiqAu7w==

bulma-checkradio@^2.1:
  version "2.1.3"
  resolved "https://registry.yarnpkg.com/bulma-checkradio/-/bulma-checkradio-2.1.3.tgz#e3e1fe086cc5b522d1a13801a60c440b433b8112"
  integrity sha512-8OmZ7PURyftNLGXSTNAYNTJHIe0OkoH/8z9iWfSXGxiv3AlrKneMtiVpBKofXsvc9ZHBUI1YjefiW5WFhgFgAQ==
  dependencies:
    bulma "^0.9.3"

bulma-switch@^2.0:
  version "2.0.4"
  resolved "https://registry.yarnpkg.com/bulma-switch/-/bulma-switch-2.0.4.tgz#a6dea1a026d025a7093a3675b2a599a36820e3a3"
  integrity sha512-kMu4H0Pr0VjvfsnT6viRDCgptUq0Rvy7y7PX6q+IHg1xUynsjszPjhAdal5ysAlCG5HNO+5YXxeiu92qYGQolw==

bulma@^0.9, bulma@^0.9.3:
  version "0.9.4"
  resolved "https://registry.yarnpkg.com/bulma/-/bulma-0.9.4.tgz#0ca8aeb1847a34264768dba26a064c8be72674a1"
  integrity sha512-86FlT5+1GrsgKbPLRRY7cGDg8fsJiP/jzTqXXVqiUZZ2aZT8uemEOHlU1CDU+TxklPEZ11HZNNWclRBBecP4CQ==

codemirror-spell-checker@*:
  version "1.1.2"
  resolved "https://registry.yarnpkg.com/codemirror-spell-checker/-/codemirror-spell-checker-1.1.2.tgz#1c660f9089483ccb5113b9ba9ca19c3f4993371e"
  integrity sha512-2Tl6n0v+GJRsC9K3MLCdLaMOmvWL0uukajNJseorZJsslaxZyZMgENocPU8R0DyoTAiKsyqiemSOZo7kjGV0LQ==
  dependencies:
    typo-js "*"

codemirror@*:
  version "6.0.1"
  resolved "https://registry.yarnpkg.com/codemirror/-/codemirror-6.0.1.tgz#62b91142d45904547ee3e0e0e4c1a79158035a29"
  integrity sha512-J8j+nZ+CdWmIeFIGXEFbFPtpiYacFMDR8GlHK3IyHQJMCaVRfGx9NT+Hxivv1ckLWPvNdZqndbr/7lVhrf/Svg==
  dependencies:
    "@codemirror/autocomplete" "^6.0.0"
    "@codemirror/commands" "^6.0.0"
    "@codemirror/language" "^6.0.0"
    "@codemirror/lint" "^6.0.0"
    "@codemirror/search" "^6.0.0"
    "@codemirror/state" "^6.0.0"
    "@codemirror/view" "^6.0.0"

crelt@^1.0.5:
  version "1.0.6"
  resolved "https://registry.yarnpkg.com/crelt/-/crelt-1.0.6.tgz#7cc898ea74e190fb6ef9dae57f8f81cf7302df72"
  integrity sha512-VQ2MBenTq1fWZUH9DJNGti7kKv6EeAuYr3cLwxUWhIu1baTaXh4Ib5W2CqHVqib4/MqbYGJqiL3Zb8GJZr3l4g==

jquery@^3.6:
  version "3.7.0"
  resolved "https://registry.yarnpkg.com/jquery/-/jquery-3.7.0.tgz#fe2c01a05da500709006d8790fe21c8a39d75612"
  integrity sha512-umpJ0/k8X0MvD1ds0P9SfowREz2LenHsQaxSohMZ5OMNEU2r0tf8pdeEFTHMFxWVxKNyU9rTtK3CWzUCTKJUeQ==

marked@*:
  version "7.0.3"
  resolved "https://registry.yarnpkg.com/marked/-/marked-7.0.3.tgz#680778f4612ba483d89e851fc70690d867165e42"
  integrity sha512-ev2uM40p0zQ/GbvqotfKcSWEa59fJwluGZj5dcaUOwDRrB1F3dncdXy8NWUApk4fi8atU3kTBOwjyjZ0ud0dxw==

normalize.css@^8.0:
  version "8.0.1"
  resolved "https://registry.yarnpkg.com/normalize.css/-/normalize.css-8.0.1.tgz#9b98a208738b9cc2634caacbc42d131c97487bf3"
  integrity sha512-qizSNPO93t1YUuUhP22btGOo3chcvDFqFaj2TRybP0DMxkHOCTYwp3n34fel4a31ORXy4m1Xq0Gyqpb5m33qIg==

simplemde@^1.11:
  version "1.11.2"
  resolved "https://registry.yarnpkg.com/simplemde/-/simplemde-1.11.2.tgz#a23a35d978d2c40ef07dec008c92f070d8e080e3"
  integrity sha512-AUXuHJ/tEEDEcN/MTitHIw3AuBcheizJt7SVwtyn00B0UK5RKZ3GB+JndmRcJ5wfYGCIL0O2yJm/uz0sJOFSLg==
  dependencies:
    codemirror "*"
    codemirror-spell-checker "*"
    marked "*"

style-mod@^4.0.0:
  version "4.0.3"
  resolved "https://registry.yarnpkg.com/style-mod/-/style-mod-4.0.3.tgz#136c4abc905f82a866a18b39df4dc08ec762b1ad"
  integrity sha512-78Jv8kYJdjbvRwwijtCevYADfsI0lGzYJe4mMFdceO8l75DFFDoqBhR1jVDicDRRaX4//g1u9wKeo+ztc2h1Rw==

typeface-montserrat@^1.1:
  version "1.1.13"
  resolved "https://registry.yarnpkg.com/typeface-montserrat/-/typeface-montserrat-1.1.13.tgz#2a16729c174dd1a8c3fec05a851b7725412606cc"
  integrity sha512-Pklkyj0e+K+6I/t0M6JBDBphpfJkF1k+3qd8qDnp9aVtCC7oGBQWTAcL6+5eArfGe7h73uPwyal73hEkf9YCUA==

typeface-roboto-mono@^1.1:
  version "1.1.13"
  resolved "https://registry.yarnpkg.com/typeface-roboto-mono/-/typeface-roboto-mono-1.1.13.tgz#2af8662db8f9119c00efd55d6ed8877d2a69ec94"
  integrity sha512-pnzDc70b7ywJHin/BUFL7HZX8DyOTBLT2qxlJ92eH1UJOFcENIBXa9IZrxsJX/gEKjbEDKhW5vz/TKRBNk/ufQ==

typo-js@*:
  version "1.2.3"
  resolved "https://registry.yarnpkg.com/typo-js/-/typo-js-1.2.3.tgz#aa7fab3cfcc3bba01746df06fceb93b7f786c6ac"
  integrity sha512-67Hyl94beZX8gmTap7IDPrG5hy2cHftgsCAcGvE1tzuxGT+kRB+zSBin0wIMwysYw8RUCBCvv9UfQl8TNM75dA==

w3c-keyname@^2.2.4:
  version "2.2.8"
  resolved "https://registry.yarnpkg.com/w3c-keyname/-/w3c-keyname-2.2.8.tgz#7b17c8c6883d4e8b86ac8aba79d39e880f8869c5"
  integrity sha512-dpojBhNsCNN7T82Tm7k26A6G9ML3NkhDsnw9n/eoxSRlVBB4CEtIQ/KTCLI2Fwf3ataSXRhYFkQi3SlnFwPvPQ==
